
Microsoft Visual Studio Solution File, Format Version 12.00
# Visual Studio Version 16
VisualStudioVersion = 16.0.29709.97
MinimumVisualStudioVersion = 10.0.40219.1
Project("{8BC9CEB8-8B4A-11D0-8D11-00A0C91BC942}") = "4.13", "4.13.vcxproj", "{8A91AC5C-81B0-4D8C-A4CD-B9D718BF978F}"
EndProject
Global
	GlobalSection(SolutionConfigurationPlatforms) = preSolution
		Debug|x64 = Debug|x64
		Debug|x86 = Debug|x86
		Release|x64 = Release|x64
		Release|x86 = Release|x86
	EndGlobalSection
	GlobalSection(ProjectConfigurationPlatforms) = postSolution
		{8A91AC5C-81B0-4D8C-A4CD-B9D718BF978F}.Debug|x64.ActiveCfg = Debug|x64
		{8A91AC5C-81B0-4D8C-A4CD-B9D718BF978F}.Debug|x64.Build.0 = Debug|x64
		{8A91AC5C-81B0-4D8C-A4CD-B9D718BF978F}.Debug|x86.ActiveCfg = Debug|Win32
		{8A91AC5C-81B0-4D8C-A4CD-B9D718BF978F}.Debug|x86.Build.0 = Debug|Win32
		{8A91AC5C-81B0-4D8C-A4CD-B9D718BF978F}.Release|x64.ActiveCfg = Release|x64
		{8A91AC5C-81B0-4D8C-A4CD-B9D718BF978F}.Release|x64.Build.0 = Release|x64
		{8A91AC5C-81B0-4D8C-A4CD-B9D718BF978F}.Release|x86.ActiveCfg = Release|Win32
		{8A91AC5C-81B0-4D8C-A4CD-B9D718BF978F}.Release|x86.Build.0 = Release|Win32
	EndGlobalSection
	GlobalSection(SolutionProperties) = preSolution
		HideSolutionNode = FALSE
	EndGlobalSection
	GlobalSection(ExtensibilityGlobals) = postSolution
		SolutionGuid = {771A2709-01DF-4977-8FA7-94F1FEB8F302}
	EndGlobalSection
EndGlobal
