
Microsoft Visual Studio Solution File, Format Version 12.00
# Visual Studio Version 16
VisualStudioVersion = 16.0.29709.97
MinimumVisualStudioVersion = 10.0.40219.1
Project("{8BC9CEB8-8B4A-11D0-8D11-00A0C91BC942}") = "2.9", "2.9.vcxproj", "{64AC9988-34A5-49EC-A0FA-D26DD0053F2F}"
EndProject
Global
	GlobalSection(SolutionConfigurationPlatforms) = preSolution
		Debug|x64 = Debug|x64
		Debug|x86 = Debug|x86
		Release|x64 = Release|x64
		Release|x86 = Release|x86
	EndGlobalSection
	GlobalSection(ProjectConfigurationPlatforms) = postSolution
		{64AC9988-34A5-49EC-A0FA-D26DD0053F2F}.Debug|x64.ActiveCfg = Debug|x64
		{64AC9988-34A5-49EC-A0FA-D26DD0053F2F}.Debug|x64.Build.0 = Debug|x64
		{64AC9988-34A5-49EC-A0FA-D26DD0053F2F}.Debug|x86.ActiveCfg = Debug|Win32
		{64AC9988-34A5-49EC-A0FA-D26DD0053F2F}.Debug|x86.Build.0 = Debug|Win32
		{64AC9988-34A5-49EC-A0FA-D26DD0053F2F}.Release|x64.ActiveCfg = Release|x64
		{64AC9988-34A5-49EC-A0FA-D26DD0053F2F}.Release|x64.Build.0 = Release|x64
		{64AC9988-34A5-49EC-A0FA-D26DD0053F2F}.Release|x86.ActiveCfg = Release|Win32
		{64AC9988-34A5-49EC-A0FA-D26DD0053F2F}.Release|x86.Build.0 = Release|Win32
	EndGlobalSection
	GlobalSection(SolutionProperties) = preSolution
		HideSolutionNode = FALSE
	EndGlobalSection
	GlobalSection(ExtensibilityGlobals) = postSolution
		SolutionGuid = {E7E67306-3E8C-485B-A12E-E90798B91491}
	EndGlobalSection
EndGlobal
